
Microsoft Visual Studio Solution File, Format Version 12.00
# Visual Studio 15
VisualStudioVersion = 15.0.28307.136
MinimumVisualStudioVersion = 10.0.40219.1
Project("{FAE04EC0-301F-11D3-BF4B-00C04F79EFBC}") = "StudyTime.Client", "StudyTime.Client\StudyTime.Client.csproj", "{911BBD18-3B92-4E76-9F2F-8BE3E9BB70E7}"
EndProject
Global
	GlobalSection(SolutionConfigurationPlatforms) = preSolution
		Debug|Any CPU = Debug|Any CPU
		Release|Any CPU = Release|Any CPU
	EndGlobalSection
	GlobalSection(ProjectConfigurationPlatforms) = postSolution
		{911BBD18-3B92-4E76-9F2F-8BE3E9BB70E7}.Debug|Any CPU.ActiveCfg = Debug|Any CPU
		{911BBD18-3B92-4E76-9F2F-8BE3E9BB70E7}.Debug|Any CPU.Build.0 = Debug|Any CPU
		{911BBD18-3B92-4E76-9F2F-8BE3E9BB70E7}.Release|Any CPU.ActiveCfg = Release|Any CPU
		{911BBD18-3B92-4E76-9F2F-8BE3E9BB70E7}.Release|Any CPU.Build.0 = Release|Any CPU
	EndGlobalSection
	GlobalSection(SolutionProperties) = preSolution
		HideSolutionNode = FALSE
	EndGlobalSection
	GlobalSection(ExtensibilityGlobals) = postSolution
		SolutionGuid = {1610FBDE-6745-451D-A051-8C4D9F7FA2E4}
	EndGlobalSection
EndGlobal
